Microsoft Visual Studio Solution File, Format Version 12.00
# Visual Studio 15
VisualStudioVersion = 15.0.27004.2006
MinimumVisualStudioVersion = 10.0.40219.1
Project("{2150E333-8FDC-42A3-9474-1A3956D46DE8}") = "Solution Items", "Solution Items", "{8A040C2B-8359-4AFD-BE26-E125EC08FADA}"
	ProjectSection(SolutionItems) = preProject
		..\CHANGELOG.md = ..\CHANGELOG.md
		..\README.md = ..\README.md
		..\nuget\readme.txt = ..\nuget\readme.txt
	EndProjectSection
EndProject
Project("{2150E333-8FDC-42A3-9474-1A3956D46DE8}") = "TestsApps", "TestsApps", "{EAB7ED86-6B88-4D76-9CCC-83BFDF137EA8}"
EndProject
Project("{FAE04EC0-301F-11D3-BF4B-00C04F79EFBC}") = "MediaAndroidTest", "MediaAndroidTest\MediaAndroidTest.csproj", "{25ABD9E0-F2C6-4E86-9B9D-FED01E44E0FA}"
EndProject
Project("{FAE04EC0-301F-11D3-BF4B-00C04F79EFBC}") = "MediaTest.iOS", "MediaTest.iOS\MediaTest.iOS.csproj", "{18EB9D77-ACEC-44B0-966E-C015FE303BDC}"
EndProject
Project("{FAE04EC0-301F-11D3-BF4B-00C04F79EFBC}") = "MediaTest.UWP", "MediaTest.UWP\MediaTest.UWP.csproj", "{BF24653B-B561-4F53-A050-EDAB55AAAC26}"
EndProject
Project("{9A19103F-16F7-4668-BE54-9A1E7A4F7556}") = "Media.Plugin", "..\src\Media.Plugin\Media.Plugin.csproj", "{B9296DB0-B091-4A37-AABA-B4B7BC9B8573}"
EndProject
Global
	GlobalSection(SolutionConfigurationPlatforms) = preSolution
		Ad-Hoc|Any CPU = Ad-Hoc|Any CPU
		Ad-Hoc|ARM = Ad-Hoc|ARM
		Ad-Hoc|iPhone = Ad-Hoc|iPhone
		Ad-Hoc|iPhoneSimulator = Ad-Hoc|iPhoneSimulator
		Ad-Hoc|Mixed Platforms = Ad-Hoc|Mixed Platforms
		Ad-Hoc|x64 = Ad-Hoc|x64
		Ad-Hoc|x86 = Ad-Hoc|x86
		AppStore|Any CPU = AppStore|Any CPU
		AppStore|ARM = AppStore|ARM
		AppStore|iPhone = AppStore|iPhone
		AppStore|iPhoneSimulator = AppStore|iPhoneSimulator
		AppStore|Mixed Platforms = AppStore|Mixed Platforms
		AppStore|x64 = AppStore|x64
		AppStore|x86 = AppStore|x86
		Debug|Any CPU = Debug|Any CPU
		Debug|ARM = Debug|ARM
		Debug|iPhone = Debug|iPhone
		Debug|iPhoneSimulator = Debug|iPhoneSimulator
		Debug|Mixed Platforms = Debug|Mixed Platforms
		Debug|x64 = Debug|x64
		Debug|x86 = Debug|x86
		Release|Any CPU = Release|Any CPU
		Release|ARM = Release|ARM
		Release|iPhone = Release|iPhone
		Release|iPhoneSimulator = Release|iPhoneSimulator
		Release|Mixed Platforms = Release|Mixed Platforms
		Release|x64 = Release|x64
		Release|x86 = Release|x86
	EndGlobalSection
	GlobalSection(ProjectConfigurationPlatforms) = postSolution
		{25ABD9E0-F2C6-4E86-9B9D-FED01E44E0FA}.Ad-Hoc|Any CPU.ActiveCfg = Release|Any CPU
		{25ABD9E0-F2C6-4E86-9B9D-FED01E44E0FA}.Ad-Hoc|Any CPU.Build.0 = Release|Any CPU
		{25ABD9E0-F2C6-4E86-9B9D-FED01E44E0FA}.Ad-Hoc|Any CPU.Deploy.0 = Release|Any CPU
		{25ABD9E0-F2C6-4E86-9B9D-FED01E44E0FA}.Ad-Hoc|ARM.ActiveCfg = Release|Any CPU
		{25ABD9E0-F2C6-4E86-9B9D-FED01E44E0FA}.Ad-Hoc|iPhone.ActiveCfg = Release|Any CPU
		{25ABD9E0-F2C6-4E86-9B9D-FED01E44E0FA}.Ad-Hoc|iPhoneSimulator.ActiveCfg = Release|Any CPU
		{25ABD9E0-F2C6-4E86-9B9D-FED01E44E0FA}.Ad-Hoc|Mixed Platforms.ActiveCfg = Release|Any CPU
		{25ABD9E0-F2C6-4E86-9B9D-FED01E44E0FA}.Ad-Hoc|Mixed Platforms.Build.0 = Release|Any CPU
		{25ABD9E0-F2C6-4E86-9B9D-FED01E44E0FA}.Ad-Hoc|Mixed Platforms.Deploy.0 = Release|Any CPU
		{25ABD9E0-F2C6-4E86-9B9D-FED01E44E0FA}.Ad-Hoc|x64.ActiveCfg = Release|Any CPU
		{25ABD9E0-F2C6-4E86-9B9D-FED01E44E0FA}.Ad-Hoc|x86.ActiveCfg = Release|Any CPU
		{25ABD9E0-F2C6-4E86-9B9D-FED01E44E0FA}.AppStore|Any CPU.ActiveCfg = Release|Any CPU
		{25ABD9E0-F2C6-4E86-9B9D-FED01E44E0FA}.AppStore|Any CPU.Build.0 = Release|Any CPU
		{25ABD9E0-F2C6-4E86-9B9D-FED01E44E0FA}.AppStore|Any CPU.Deploy.0 = Release|Any CPU
		{25ABD9E0-F2C6-4E86-9B9D-FED01E44E0FA}.AppStore|ARM.ActiveCfg = Release|Any CPU
		{25ABD9E0-F2C6-4E86-9B9D-FED01E44E0FA}.AppStore|iPhone.ActiveCfg = Release|Any CPU
		{25ABD9E0-F2C6-4E86-9B9D-FED01E44E0FA}.AppStore|iPhoneSimulator.ActiveCfg = Release|Any CPU
		{25ABD9E0-F2C6-4E86-9B9D-FED01E44E0FA}.AppStore|Mixed Platforms.ActiveCfg = Release|Any CPU
		{25ABD9E0-F2C6-4E86-9B9D-FED01E44E0FA}.AppStore|Mixed Platforms.Build.0 = Release|Any CPU
		{25ABD9E0-F2C6-4E86-9B9D-FED01E44E0FA}.AppStore|Mixed Platforms.Deploy.0 = Release|Any CPU
		{25ABD9E0-F2C6-4E86-9B9D-FED01E44E0FA}.AppStore|x64.ActiveCfg = Release|Any CPU
		{25ABD9E0-F2C6-4E86-9B9D-FED01E44E0FA}.AppStore|x86.ActiveCfg = Release|Any CPU
		{25ABD9E0-F2C6-4E86-9B9D-FED01E44E0FA}.Debug|Any CPU.ActiveCfg = Debug|Any CPU
		{25ABD9E0-F2C6-4E86-9B9D-FED01E44E0FA}.Debug|Any CPU.Build.0 = Debug|Any CPU
		{25ABD9E0-F2C6-4E86-9B9D-FED01E44E0FA}.Debug|Any CPU.Deploy.0 = Debug|Any CPU
		{25ABD9E0-F2C6-4E86-9B9D-FED01E44E0FA}.Debug|ARM.ActiveCfg = Debug|Any CPU
		{25ABD9E0-F2C6-4E86-9B9D-FED01E44E0FA}.Debug|iPhone.ActiveCfg = Debug|Any CPU
		{25ABD9E0-F2C6-4E86-9B9D-FED01E44E0FA}.Debug|iPhoneSimulator.ActiveCfg = Debug|Any CPU
		{25ABD9E0-F2C6-4E86-9B9D-FED01E44E0FA}.Debug|Mixed Platforms.ActiveCfg = Debug|Any CPU
		{25ABD9E0-F2C6-4E86-9B9D-FED01E44E0FA}.Debug|Mixed Platforms.Build.0 = Debug|Any CPU
		{25ABD9E0-F2C6-4E86-9B9D-FED01E44E0FA}.Debug|Mixed Platforms.Deploy.0 = Debug|Any CPU
		{25ABD9E0-F2C6-4E86-9B9D-FED01E44E0FA}.Debug|x64.ActiveCfg = Debug|Any CPU
		{25ABD9E0-F2C6-4E86-9B9D-FED01E44E0FA}.Debug|x86.ActiveCfg = Debug|Any CPU
		{25ABD9E0-F2C6-4E86-9B9D-FED01E44E0FA}.Release|Any CPU.ActiveCfg = Release|Any CPU
		{25ABD9E0-F2C6-4E86-9B9D-FED01E44E0FA}.Release|ARM.ActiveCfg = Release|Any CPU
		{25ABD9E0-F2C6-4E86-9B9D-FED01E44E0FA}.Release|iPhone.ActiveCfg = Release|Any CPU
		{25ABD9E0-F2C6-4E86-9B9D-FED01E44E0FA}.Release|iPhoneSimulator.ActiveCfg = Release|Any CPU
		{25ABD9E0-F2C6-4E86-9B9D-FED01E44E0FA}.Release|Mixed Platforms.ActiveCfg = Release|Any CPU
		{25ABD9E0-F2C6-4E86-9B9D-FED01E44E0FA}.Release|x64.ActiveCfg = Release|Any CPU
		{25ABD9E0-F2C6-4E86-9B9D-FED01E44E0FA}.Release|x86.ActiveCfg = Release|Any CPU
		{18EB9D77-ACEC-44B0-966E-C015FE303BDC}.Ad-Hoc|Any CPU.ActiveCfg = Ad-Hoc|iPhone
		{18EB9D77-ACEC-44B0-966E-C015FE303BDC}.Ad-Hoc|ARM.ActiveCfg = Ad-Hoc|iPhone
		{18EB9D77-ACEC-44B0-966E-C015FE303BDC}.Ad-Hoc|iPhone.ActiveCfg = Ad-Hoc|iPhone
		{18EB9D77-ACEC-44B0-966E-C015FE303BDC}.Ad-Hoc|iPhone.Build.0 = Ad-Hoc|iPhone
		{18EB9D77-ACEC-44B0-966E-C015FE303BDC}.Ad-Hoc|iPhoneSimulator.ActiveCfg = Ad-Hoc|iPhoneSimulator
		{18EB9D77-ACEC-44B0-966E-C015FE303BDC}.Ad-Hoc|iPhoneSimulator.Build.0 = Ad-Hoc|iPhoneSimulator
		{18EB9D77-ACEC-44B0-966E-C015FE303BDC}.Ad-Hoc|Mixed Platforms.ActiveCfg = Ad-Hoc|iPhone
		{18EB9D77-ACEC-44B0-966E-C015FE303BDC}.Ad-Hoc|Mixed Platforms.Build.0 = Ad-Hoc|iPhone
		{18EB9D77-ACEC-44B0-966E-C015FE303BDC}.Ad-Hoc|x64.ActiveCfg = Ad-Hoc|iPhone
		{18EB9D77-ACEC-44B0-966E-C015FE303BDC}.Ad-Hoc|x86.ActiveCfg = Ad-Hoc|iPhone
		{18EB9D77-ACEC-44B0-966E-C015FE303BDC}.AppStore|Any CPU.ActiveCfg = AppStore|iPhone
		{18EB9D77-ACEC-44B0-966E-C015FE303BDC}.AppStore|ARM.ActiveCfg = AppStore|iPhone
		{18EB9D77-ACEC-44B0-966E-C015FE303BDC}.AppStore|iPhone.ActiveCfg = AppStore|iPhone
		{18EB9D77-ACEC-44B0-966E-C015FE303BDC}.AppStore|iPhone.Build.0 = AppStore|iPhone
		{18EB9D77-ACEC-44B0-966E-C015FE303BDC}.AppStore|iPhoneSimulator.ActiveCfg = AppStore|iPhoneSimulator
		{18EB9D77-ACEC-44B0-966E-C015FE303BDC}.AppStore|iPhoneSimulator.Build.0 = AppStore|iPhoneSimulator
		{18EB9D77-ACEC-44B0-966E-C015FE303BDC}.AppStore|Mixed Platforms.ActiveCfg = AppStore|iPhone
		{18EB9D77-ACEC-44B0-966E-C015FE303BDC}.AppStore|Mixed Platforms.Build.0 = AppStore|iPhone
		{18EB9D77-ACEC-44B0-966E-C015FE303BDC}.AppStore|x64.ActiveCfg = AppStore|iPhone
		{18EB9D77-ACEC-44B0-966E-C015FE303BDC}.AppStore|x86.ActiveCfg = AppStore|iPhone
		{18EB9D77-ACEC-44B0-966E-C015FE303BDC}.Debug|Any CPU.ActiveCfg = Debug|iPhone
		{18EB9D77-ACEC-44B0-966E-C015FE303BDC}.Debug|ARM.ActiveCfg = Debug|iPhone
		{18EB9D77-ACEC-44B0-966E-C015FE303BDC}.Debug|iPhone.ActiveCfg = Debug|iPhone
		{18EB9D77-ACEC-44B0-966E-C015FE303BDC}.Debug|iPhone.Build.0 = Debug|iPhone
		{18EB9D77-ACEC-44B0-966E-C015FE303BDC}.Debug|iPhoneSimulator.ActiveCfg = Debug|iPhoneSimulator
		{18EB9D77-ACEC-44B0-966E-C015FE303BDC}.Debug|iPhoneSimulator.Build.0 = Debug|iPhoneSimulator
		{18EB9D77-ACEC-44B0-966E-C015FE303BDC}.Debug|Mixed Platforms.ActiveCfg = Debug|iPhone
		{18EB9D77-ACEC-44B0-966E-C015FE303BDC}.Debug|Mixed Platforms.Build.0 = Debug|iPhone
		{18EB9D77-ACEC-44B0-966E-C015FE303BDC}.Debug|x64.ActiveCfg = Debug|iPhone
		{18EB9D77-ACEC-44B0-966E-C015FE303BDC}.Debug|x86.ActiveCfg = Debug|iPhone
		{18EB9D77-ACEC-44B0-966E-C015FE303BDC}.Release|Any CPU.ActiveCfg = Release|iPhone
		{18EB9D77-ACEC-44B0-966E-C015FE303BDC}.Release|ARM.ActiveCfg = Release|iPhone
		{18EB9D77-ACEC-44B0-966E-C015FE303BDC}.Release|iPhone.ActiveCfg = Release|iPhone
		{18EB9D77-ACEC-44B0-966E-C015FE303BDC}.Release|iPhoneSimulator.ActiveCfg = Release|iPhoneSimulator
		{18EB9D77-ACEC-44B0-966E-C015FE303BDC}.Release|Mixed Platforms.ActiveCfg = Release|iPhone
		{18EB9D77-ACEC-44B0-966E-C015FE303BDC}.Release|x64.ActiveCfg = Release|iPhone
		{18EB9D77-ACEC-44B0-966E-C015FE303BDC}.Release|x86.ActiveCfg = Release|iPhone
		{BF24653B-B561-4F53-A050-EDAB55AAAC26}.Ad-Hoc|Any CPU.ActiveCfg = Release|x64
		{BF24653B-B561-4F53-A050-EDAB55AAAC26}.Ad-Hoc|Any CPU.Build.0 = Release|x64
		{BF24653B-B561-4F53-A050-EDAB55AAAC26}.Ad-Hoc|Any CPU.Deploy.0 = Release|x64
		{BF24653B-B561-4F53-A050-EDAB55AAAC26}.Ad-Hoc|ARM.ActiveCfg = Release|ARM
		{BF24653B-B561-4F53-A050-EDAB55AAAC26}.Ad-Hoc|ARM.Build.0 = Release|ARM
		{BF24653B-B561-4F53-A050-EDAB55AAAC26}.Ad-Hoc|ARM.Deploy.0 = Release|ARM
		{BF24653B-B561-4F53-A050-EDAB55AAAC26}.Ad-Hoc|iPhone.ActiveCfg = Release|x64
		{BF24653B-B561-4F53-A050-EDAB55AAAC26}.Ad-Hoc|iPhone.Build.0 = Release|x64
		{BF24653B-B561-4F53-A050-EDAB55AAAC26}.Ad-Hoc|iPhone.Deploy.0 = Release|x64
		{BF24653B-B561-4F53-A050-EDAB55AAAC26}.Ad-Hoc|iPhoneSimulator.ActiveCfg = Release|x64
		{BF24653B-B561-4F53-A050-EDAB55AAAC26}.Ad-Hoc|iPhoneSimulator.Build.0 = Release|x64
		{BF24653B-B561-4F53-A050-EDAB55AAAC26}.Ad-Hoc|iPhoneSimulator.Deploy.0 = Release|x64
		{BF24653B-B561-4F53-A050-EDAB55AAAC26}.Ad-Hoc|Mixed Platforms.ActiveCfg = Release|x86
		{BF24653B-B561-4F53-A050-EDAB55AAAC26}.Ad-Hoc|Mixed Platforms.Build.0 = Release|x86
		{BF24653B-B561-4F53-A050-EDAB55AAAC26}.Ad-Hoc|Mixed Platforms.Deploy.0 = Release|x86
		{BF24653B-B561-4F53-A050-EDAB55AAAC26}.Ad-Hoc|x64.ActiveCfg = Release|x64
		{BF24653B-B561-4F53-A050-EDAB55AAAC26}.Ad-Hoc|x64.Build.0 = Release|x64
		{BF24653B-B561-4F53-A050-EDAB55AAAC26}.Ad-Hoc|x64.Deploy.0 = Release|x64
		{BF24653B-B561-4F53-A050-EDAB55AAAC26}.Ad-Hoc|x86.ActiveCfg = Release|x86
		{BF24653B-B561-4F53-A050-EDAB55AAAC26}.Ad-Hoc|x86.Build.0 = Release|x86
		{BF24653B-B561-4F53-A050-EDAB55AAAC26}.Ad-Hoc|x86.Deploy.0 = Release|x86
		{BF24653B-B561-4F53-A050-EDAB55AAAC26}.AppStore|Any CPU.ActiveCfg = Release|x64
		{BF24653B-B561-4F53-A050-EDAB55AAAC26}.AppStore|Any CPU.Build.0 = Release|x64
		{BF24653B-B561-4F53-A050-EDAB55AAAC26}.AppStore|Any CPU.Deploy.0 = Release|x64
		{BF24653B-B561-4F53-A050-EDAB55AAAC26}.AppStore|ARM.ActiveCfg = Release|ARM
		{BF24653B-B561-4F53-A050-EDAB55AAAC26}.AppStore|ARM.Build.0 = Release|ARM
		{BF24653B-B561-4F53-A050-EDAB55AAAC26}.AppStore|ARM.Deploy.0 = Release|ARM
		{BF24653B-B561-4F53-A050-EDAB55AAAC26}.AppStore|iPhone.ActiveCfg = Release|x64
		{BF24653B-B561-4F53-A050-EDAB55AAAC26}.AppStore|iPhone.Build.0 = Release|x64
		{BF24653B-B561-4F53-A050-EDAB55AAAC26}.AppStore|iPhone.Deploy.0 = Release|x64
		{BF24653B-B561-4F53-A050-EDAB55AAAC26}.AppStore|iPhoneSimulator.ActiveCfg = Release|x64
		{BF24653B-B561-4F53-A050-EDAB55AAAC26}.AppStore|iPhoneSimulator.Build.0 = Release|x64
		{BF24653B-B561-4F53-A050-EDAB55AAAC26}.AppStore|iPhoneSimulator.Deploy.0 = Release|x64
		{BF24653B-B561-4F53-A050-EDAB55AAAC26}.AppStore|Mixed Platforms.ActiveCfg = Release|x86
		{BF24653B-B561-4F53-A050-EDAB55AAAC26}.AppStore|Mixed Platforms.Build.0 = Release|x86
		{BF24653B-B561-4F53-A050-EDAB55AAAC26}.AppStore|Mixed Platforms.Deploy.0 = Release|x86
		{BF24653B-B561-4F53-A050-EDAB55AAAC26}.AppStore|x64.ActiveCfg = Release|x64
		{BF24653B-B561-4F53-A050-EDAB55AAAC26}.AppStore|x64.Build.0 = Release|x64
		{BF24653B-B561-4F53-A050-EDAB55AAAC26}.AppStore|x64.Deploy.0 = Release|x64
		{BF24653B-B561-4F53-A050-EDAB55AAAC26}.AppStore|x86.ActiveCfg = Release|x86
		{BF24653B-B561-4F53-A050-EDAB55AAAC26}.AppStore|x86.Build.0 = Release|x86
		{BF24653B-B561-4F53-A050-EDAB55AAAC26}.AppStore|x86.Deploy.0 = Release|x86
		{BF24653B-B561-4F53-A050-EDAB55AAAC26}.Debug|Any CPU.ActiveCfg = Debug|x86
		{BF24653B-B561-4F53-A050-EDAB55AAAC26}.Debug|Any CPU.Build.0 = Debug|x86
		{BF24653B-B561-4F53-A050-EDAB55AAAC26}.Debug|Any CPU.Deploy.0 = Debug|x86
		{BF24653B-B561-4F53-A050-EDAB55AAAC26}.Debug|ARM.ActiveCfg = Debug|ARM
		{BF24653B-B561-4F53-A050-EDAB55AAAC26}.Debug|ARM.Build.0 = Debug|ARM
		{BF24653B-B561-4F53-A050-EDAB55AAAC26}.Debug|ARM.Deploy.0 = Debug|ARM
		{BF24653B-B561-4F53-A050-EDAB55AAAC26}.Debug|iPhone.ActiveCfg = Debug|x86
		{BF24653B-B561-4F53-A050-EDAB55AAAC26}.Debug|iPhoneSimulator.ActiveCfg = Debug|x86
		{BF24653B-B561-4F53-A050-EDAB55AAAC26}.Debug|Mixed Platforms.ActiveCfg = Debug|x86
		{BF24653B-B561-4F53-A050-EDAB55AAAC26}.Debug|Mixed Platforms.Build.0 = Debug|x86
		{BF24653B-B561-4F53-A050-EDAB55AAAC26}.Debug|Mixed Platforms.Deploy.0 = Debug|x86
		{BF24653B-B561-4F53-A050-EDAB55AAAC26}.Debug|x64.ActiveCfg = Debug|x64
		{BF24653B-B561-4F53-A050-EDAB55AAAC26}.Debug|x64.Build.0 = Debug|x64
		{BF24653B-B561-4F53-A050-EDAB55AAAC26}.Debug|x64.Deploy.0 = Debug|x64
		{BF24653B-B561-4F53-A050-EDAB55AAAC26}.Debug|x86.ActiveCfg = Debug|x86
		{BF24653B-B561-4F53-A050-EDAB55AAAC26}.Debug|x86.Build.0 = Debug|x86
		{BF24653B-B561-4F53-A050-EDAB55AAAC26}.Debug|x86.Deploy.0 = Debug|x86
		{BF24653B-B561-4F53-A050-EDAB55AAAC26}.Release|Any CPU.ActiveCfg = Release|x86
		{BF24653B-B561-4F53-A050-EDAB55AAAC26}.Release|ARM.ActiveCfg = Release|ARM
		{BF24653B-B561-4F53-A050-EDAB55AAAC26}.Release|iPhone.ActiveCfg = Release|x86
		{BF24653B-B561-4F53-A050-EDAB55AAAC26}.Release|iPhoneSimulator.ActiveCfg = Release|x86
		{BF24653B-B561-4F53-A050-EDAB55AAAC26}.Release|Mixed Platforms.ActiveCfg = Release|x86
		{BF24653B-B561-4F53-A050-EDAB55AAAC26}.Release|x64.ActiveCfg = Release|x64
		{BF24653B-B561-4F53-A050-EDAB55AAAC26}.Release|x86.ActiveCfg = Release|x86
		{B9296DB0-B091-4A37-AABA-B4B7BC9B8573}.Ad-Hoc|Any CPU.ActiveCfg = Debug|Any CPU
		{B9296DB0-B091-4A37-AABA-B4B7BC9B8573}.Ad-Hoc|Any CPU.Build.0 = Debug|Any CPU
		{B9296DB0-B091-4A37-AABA-B4B7BC9B8573}.Ad-Hoc|ARM.ActiveCfg = Debug|Any CPU
		{B9296DB0-B091-4A37-AABA-B4B7BC9B8573}.Ad-Hoc|ARM.Build.0 = Debug|Any CPU
		{B9296DB0-B091-4A37-AABA-B4B7BC9B8573}.Ad-Hoc|iPhone.ActiveCfg = Debug|Any CPU
		{B9296DB0-B091-4A37-AABA-B4B7BC9B8573}.Ad-Hoc|iPhone.Build.0 = Debug|Any CPU
		{B9296DB0-B091-4A37-AABA-B4B7BC9B8573}.Ad-Hoc|iPhoneSimulator.ActiveCfg = Debug|Any CPU
		{B9296DB0-B091-4A37-AABA-B4B7BC9B8573}.Ad-Hoc|iPhoneSimulator.Build.0 = Debug|Any CPU
		{B9296DB0-B091-4A37-AABA-B4B7BC9B8573}.Ad-Hoc|Mixed Platforms.ActiveCfg = Debug|Any CPU
		{B9296DB0-B091-4A37-AABA-B4B7BC9B8573}.Ad-Hoc|Mixed Platforms.Build.0 = Debug|Any CPU
		{B9296DB0-B091-4A37-AABA-B4B7BC9B8573}.Ad-Hoc|x64.ActiveCfg = Debug|Any CPU
		{B9296DB0-B091-4A37-AABA-B4B7BC9B8573}.Ad-Hoc|x64.Build.0 = Debug|Any CPU
		{B9296DB0-B091-4A37-AABA-B4B7BC9B8573}.Ad-Hoc|x86.ActiveCfg = Debug|Any CPU
		{B9296DB0-B091-4A37-AABA-B4B7BC9B8573}.Ad-Hoc|x86.Build.0 = Debug|Any CPU
		{B9296DB0-B091-4A37-AABA-B4B7BC9B8573}.AppStore|Any CPU.ActiveCfg = Debug|Any CPU
		{B9296DB0-B091-4A37-AABA-B4B7BC9B8573}.AppStore|Any CPU.Build.0 = Debug|Any CPU
		{B9296DB0-B091-4A37-AABA-B4B7BC9B8573}.AppStore|ARM.ActiveCfg = Debug|Any CPU
		{B9296DB0-B091-4A37-AABA-B4B7BC9B8573}.AppStore|ARM.Build.0 = Debug|Any CPU
		{B9296DB0-B091-4A37-AABA-B4B7BC9B8573}.AppStore|iPhone.ActiveCfg = Debug|Any CPU
		{B9296DB0-B091-4A37-AABA-B4B7BC9B8573}.AppStore|iPhone.Build.0 = Debug|Any CPU
		{B9296DB0-B091-4A37-AABA-B4B7BC9B8573}.AppStore|iPhoneSimulator.ActiveCfg = Debug|Any CPU
		{B9296DB0-B091-4A37-AABA-B4B7BC9B8573}.AppStore|iPhoneSimulator.Build.0 = Debug|Any CPU
		{B9296DB0-B091-4A37-AABA-B4B7BC9B8573}.AppStore|Mixed Platforms.ActiveCfg = Debug|Any CPU
		{B9296DB0-B091-4A37-AABA-B4B7BC9B8573}.AppStore|Mixed Platforms.Build.0 = Debug|Any CPU
		{B9296DB0-B091-4A37-AABA-B4B7BC9B8573}.AppStore|x64.ActiveCfg = Debug|Any CPU
		{B9296DB0-B091-4A37-AABA-B4B7BC9B8573}.AppStore|x64.Build.0 = Debug|Any CPU
		{B9296DB0-B091-4A37-AABA-B4B7BC9B8573}.AppStore|x86.ActiveCfg = Debug|Any CPU
		{B9296DB0-B091-4A37-AABA-B4B7BC9B8573}.AppStore|x86.Build.0 = Debug|Any CPU
		{B9296DB0-B091-4A37-AABA-B4B7BC9B8573}.Debug|Any CPU.ActiveCfg = Debug|Any CPU
		{B9296DB0-B091-4A37-AABA-B4B7BC9B8573}.Debug|Any CPU.Build.0 = Debug|Any CPU
		{B9296DB0-B091-4A37-AABA-B4B7BC9B8573}.Debug|ARM.ActiveCfg = Debug|Any CPU
		{B9296DB0-B091-4A37-AABA-B4B7BC9B8573}.Debug|ARM.Build.0 = Debug|Any CPU
		{B9296DB0-B091-4A37-AABA-B4B7BC9B8573}.Debug|iPhone.ActiveCfg = Debug|Any CPU
		{B9296DB0-B091-4A37-AABA-B4B7BC9B8573}.Debug|iPhone.Build.0 = Debug|Any CPU
		{B9296DB0-B091-4A37-AABA-B4B7BC9B8573}.Debug|iPhoneSimulator.ActiveCfg = Debug|Any CPU
		{B9296DB0-B091-4A37-AABA-B4B7BC9B8573}.Debug|iPhoneSimulator.Build.0 = Debug|Any CPU
		{B9296DB0-B091-4A37-AABA-B4B7BC9B8573}.Debug|Mixed Platforms.ActiveCfg = Debug|Any CPU
		{B9296DB0-B091-4A37-AABA-B4B7BC9B8573}.Debug|Mixed Platforms.Build.0 = Debug|Any CPU
		{B9296DB0-B091-4A37-AABA-B4B7BC9B8573}.Debug|x64.ActiveCfg = Debug|Any CPU
		{B9296DB0-B091-4A37-AABA-B4B7BC9B8573}.Debug|x64.Build.0 = Debug|Any CPU
		{B9296DB0-B091-4A37-AABA-B4B7BC9B8573}.Debug|x86.ActiveCfg = Debug|Any CPU
		{B9296DB0-B091-4A37-AABA-B4B7BC9B8573}.Debug|x86.Build.0 = Debug|Any CPU
		{B9296DB0-B091-4A37-AABA-B4B7BC9B8573}.Release|Any CPU.ActiveCfg = Release|Any CPU
		{B9296DB0-B091-4A37-AABA-B4B7BC9B8573}.Release|Any CPU.Build.0 = Release|Any CPU
		{B9296DB0-B091-4A37-AABA-B4B7BC9B8573}.Release|ARM.ActiveCfg = Release|Any CPU
		{B9296DB0-B091-4A37-AABA-B4B7BC9B8573}.Release|ARM.Build.0 = Release|Any CPU
		{B9296DB0-B091-4A37-AABA-B4B7BC9B8573}.Release|iPhone.ActiveCfg = Release|Any CPU
		{B9296DB0-B091-4A37-AABA-B4B7BC9B8573}.Release|iPhone.Build.0 = Release|Any CPU
		{B9296DB0-B091-4A37-AABA-B4B7BC9B8573}.Release|iPhoneSimulator.ActiveCfg = Release|Any CPU
		{B9296DB0-B091-4A37-AABA-B4B7BC9B8573}.Release|iPhoneSimulator.Build.0 = Release|Any CPU
		{B9296DB0-B091-4A37-AABA-B4B7BC9B8573}.Release|Mixed Platforms.ActiveCfg = Release|Any CPU
		{B9296DB0-B091-4A37-AABA-B4B7BC9B8573}.Release|Mixed Platforms.Build.0 = Release|Any CPU
		{B9296DB0-B091-4A37-AABA-B4B7BC9B8573}.Release|x64.ActiveCfg = Release|Any CPU
		{B9296DB0-B091-4A37-AABA-B4B7BC9B8573}.Release|x64.Build.0 = Release|Any CPU
		{B9296DB0-B091-4A37-AABA-B4B7BC9B8573}.Release|x86.ActiveCfg = Release|Any CPU
		{B9296DB0-B091-4A37-AABA-B4B7BC9B8573}.Release|x86.Build.0 = Release|Any CPU
	EndGlobalSection
	GlobalSection(SolutionProperties) = preSolution
		HideSolutionNode = FALSE
	EndGlobalSection
	GlobalSection(NestedProjects) = preSolution
		{25ABD9E0-F2C6-4E86-9B9D-FED01E44E0FA} = {EAB7ED86-6B88-4D76-9CCC-83BFDF137EA8}
		{18EB9D77-ACEC-44B0-966E-C015FE303BDC} = {EAB7ED86-6B88-4D76-9CCC-83BFDF137EA8}
		{BF24653B-B561-4F53-A050-EDAB55AAAC26} = {EAB7ED86-6B88-4D76-9CCC-83BFDF137EA8}
	EndGlobalSection
	GlobalSection(ExtensibilityGlobals) = postSolution
		SolutionGuid = {AD85A77F-8635-4B09-A56C-E5E33DF0BE15}
	EndGlobalSection
EndGlobal
